
Microsoft Visual Studio Solution File, Format Version 12.00
# Visual Studio Version 16
VisualStudioVersion = 16.0.31129.286
MinimumVisualStudioVersion = 10.0.40219.1
Project("{8BC9CEB8-8B4A-11D0-8D11-00A0C91BC942}") = "Yahtzee", "Yahtzee.vcxproj", "{996F1457-002C-4CB1-8137-637696BF09C1}"
EndProject
Project("{8BC9CEB8-8B4A-11D0-8D11-00A0C91BC942}") = "TestYahtzee", "TestYahtzee\TestYahtzee.vcxproj", "{DF397957-F5C0-40C6-BF96-8AAAEF8AE18C}"
EndProject
Global
	GlobalSection(SolutionConfigurationPlatforms) = preSolution
		Debug|x64 = Debug|x64
		Debug|x86 = Debug|x86
		Release|x64 = Release|x64
		Release|x86 = Release|x86
	EndGlobalSection
	GlobalSection(ProjectConfigurationPlatforms) = postSolution
		{996F1457-002C-4CB1-8137-637696BF09C1}.Debug|x64.ActiveCfg = Debug|x64
		{996F1457-002C-4CB1-8137-637696BF09C1}.Debug|x64.Build.0 = Debug|x64
		{996F1457-002C-4CB1-8137-637696BF09C1}.Debug|x86.ActiveCfg = Debug|Win32
		{996F1457-002C-4CB1-8137-637696BF09C1}.Debug|x86.Build.0 = Debug|Win32
		{996F1457-002C-4CB1-8137-637696BF09C1}.Release|x64.ActiveCfg = Release|x64
		{996F1457-002C-4CB1-8137-637696BF09C1}.Release|x64.Build.0 = Release|x64
		{996F1457-002C-4CB1-8137-637696BF09C1}.Release|x86.ActiveCfg = Release|Win32
		{996F1457-002C-4CB1-8137-637696BF09C1}.Release|x86.Build.0 = Release|Win32
		{DF397957-F5C0-40C6-BF96-8AAAEF8AE18C}.Debug|x64.ActiveCfg = Debug|x64
		{DF397957-F5C0-40C6-BF96-8AAAEF8AE18C}.Debug|x64.Build.0 = Debug|x64
		{DF397957-F5C0-40C6-BF96-8AAAEF8AE18C}.Debug|x86.ActiveCfg = Debug|Win32
		{DF397957-F5C0-40C6-BF96-8AAAEF8AE18C}.Debug|x86.Build.0 = Debug|Win32
		{DF397957-F5C0-40C6-BF96-8AAAEF8AE18C}.Release|x64.ActiveCfg = Release|x64
		{DF397957-F5C0-40C6-BF96-8AAAEF8AE18C}.Release|x64.Build.0 = Release|x64
		{DF397957-F5C0-40C6-BF96-8AAAEF8AE18C}.Release|x86.ActiveCfg = Release|Win32
		{DF397957-F5C0-40C6-BF96-8AAAEF8AE18C}.Release|x86.Build.0 = Release|Win32
	EndGlobalSection
	GlobalSection(SolutionProperties) = preSolution
		HideSolutionNode = FALSE
	EndGlobalSection
	GlobalSection(ExtensibilityGlobals) = postSolution
		SolutionGuid = {F5AA63F7-B391-4B2D-AF5D-810A2DE07D3C}
	EndGlobalSection
EndGlobal
